
Microsoft Visual Studio Solution File, Format Version 12.00
# Visual Studio Version 17
VisualStudioVersion = 17.7.34024.191
MinimumVisualStudioVersion = 10.0.40219.1
Project("{8BC9CEB8-8B4A-11D0-8D11-00A0C91BC942}") = "cjjtest", "cjjtest\cjjtest.vcxproj", "{3E787970-400F-4C9C-A44C-4DF05F2ABCE3}"
EndProject
Global
	GlobalSection(SolutionConfigurationPlatforms) = preSolution
		Debug|x64 = Debug|x64
		Debug|x86 = Debug|x86
		Release|x64 = Release|x64
		Release|x86 = Release|x86
	EndGlobalSection
	GlobalSection(ProjectConfigurationPlatforms) = postSolution
		{3E787970-400F-4C9C-A44C-4DF05F2ABCE3}.Debug|x64.ActiveCfg = Debug|x64
		{3E787970-400F-4C9C-A44C-4DF05F2ABCE3}.Debug|x64.Build.0 = Debug|x64
		{3E787970-400F-4C9C-A44C-4DF05F2ABCE3}.Debug|x86.ActiveCfg = Debug|Win32
		{3E787970-400F-4C9C-A44C-4DF05F2ABCE3}.Debug|x86.Build.0 = Debug|Win32
		{3E787970-400F-4C9C-A44C-4DF05F2ABCE3}.Release|x64.ActiveCfg = Release|x64
		{3E787970-400F-4C9C-A44C-4DF05F2ABCE3}.Release|x64.Build.0 = Release|x64
		{3E787970-400F-4C9C-A44C-4DF05F2ABCE3}.Release|x86.ActiveCfg = Release|Win32
		{3E787970-400F-4C9C-A44C-4DF05F2ABCE3}.Release|x86.Build.0 = Release|Win32
	EndGlobalSection
	GlobalSection(SolutionProperties) = preSolution
		HideSolutionNode = FALSE
	EndGlobalSection
	GlobalSection(ExtensibilityGlobals) = postSolution
		SolutionGuid = {35BEE86F-40CE-4221-AB54-05E2111AB6E9}
	EndGlobalSection
EndGlobal
